<?xml version="1.0" encoding="utf-8"?>
<Project ToolsVersion="4.0" xmlns="http://schemas.microsoft.com/developer/msbuild/2003">
  <ItemGroup>
    <Filter Include="Source Files">
      <UniqueIdentifier>{4FC737F1-C7A5-4376-A066-2A32D752A2FF}</UniqueIdentifier>
      <Extensions>cpp;c;cc;cxx;def;odl;idl;hpj;bat;asm;asmx</Extensions>
    </Filter>
    <Filter Include="Header Files">
      <UniqueIdentifier>{93995380-89BD-4b04-88EB-625FBE52EBFB}</UniqueIdentifier>
      <Extensions>h;hh;hpp;hxx;hm;inl;inc;ipp;xsd</Extensions>
    </Filter>
    <Filter Include="Resource Files">
      <UniqueIdentifier>{67DA6AB6-F800-4c08-8B7A-83BB121AAD01}</UniqueIdentifier>
      <Extensions>rc;ico;cur;bmp;dlg;rc2;rct;bin;rgs;gif;jpg;jpeg;jpe;resx;tiff;tif;png;wav;mfcribbon-ms</Extensions>
    </Filter>
  </ItemGroup>
  <ItemGroup>
    <None Include="SConstruct">
      <Filter>Resource Files</Filter>
    </None>
    <None Include="Makefile">
      <Filter>Resource Files</Filter>
    </None>
    <None Include="content\BadTvFS.glsl">
      <Filter>Resource Files</Filter>
    </None>
    <None Include="content\ChromaticalFS.glsl">
      <Filter>Resource Files</Filter>
    </None>
    <None Include="content\FullScreenFS.glsl">
      <Filter>Resource Files</Filter>
    </None>
    <None Include="content\FullScreenVS.glsl">
      <Filter>Resource Files</Filter>
    </None>
    <None Include="content\ImageBoxFS.glsl">
      <Filter>Resource Files</Filter>
    </None>
    <None Include="content\ImageBoxVS.glsl">
      <Filter>Resource Files</Filter>
    </None>
    <None Include="content\TvDistortion.glsl">
      <Filter>Resource Files</Filter>
    </None>
    <None Include="content\Sketch.glsl">
      <Filter>Resource Files</Filter>
    </None>
    <None Include="content\Sketch2.glsl">
      <Filter>Resource Files</Filter>
    </None>
    <None Include="content\fractal.glsl">
      <Filter>Resource Files</Filter>
    </None>
  </ItemGroup>
  <ItemGroup>
    <ClCompile Include="src\BadgeEngine.cpp">
      <Filter>Source Files</Filter>
    </ClCompile>
    <ClCompile Include="src\BadgePrograms.cpp">
      <Filter>Source Files</Filter>
    </ClCompile>
    <ClCompile Include="src\BasicActors.cpp">
      <Filter>Source Files</Filter>
    </ClCompile>
    <ClCompile Include="src\main.cpp">
      <Filter>Source Files</Filter>
    </ClCompile>
    <ClCompile Include="src\PostEffects.cpp">
      <Filter>Source Files</Filter>
    </ClCompile>
    <ClCompile Include="src\RasterProgram.cpp">
      <Filter>Source Files</Filter>
    </ClCompile>
    <ClCompile Include="src\RenderPasses.cpp">
      <Filter>Source Files</Filter>
    </ClCompile>
    <ClCompile Include="src\RenderTarget.cpp">
      <Filter>Source Files</Filter>
    </ClCompile>
    <ClCompile Include="src\Shaders.cpp">
      <Filter>Source Files</Filter>
    </ClCompile>
    <ClCompile Include="src\StaticGeo.cpp">
      <Filter>Source Files</Filter>
    </ClCompile>
    <ClCompile Include="src\TextureManager.cpp">
      <Filter>Source Files</Filter>
    </ClCompile>
    <ClCompile Include="src\GpioControls.cpp">
      <Filter>Source Files</Filter>
    </ClCompile>
    <ClCompile Include="src\ObjModel.cpp">
      <Filter>Source Files</Filter>
    </ClCompile>
    <ClCompile Include="src\GlBuffers.cpp">
      <Filter>Source Files</Filter>
    </ClCompile>
  </ItemGroup>
  <ItemGroup>
    <ClInclude Include="include\BadgeEngine.h">
      <Filter>Header Files</Filter>
    </ClInclude>
    <ClInclude Include="include\BadgePrograms.h">
      <Filter>Header Files</Filter>
    </ClInclude>
    <ClInclude Include="include\BasicActors.h">
      <Filter>Header Files</Filter>
    </ClInclude>
    <ClInclude Include="include\Constant.h">
      <Filter>Header Files</Filter>
    </ClInclude>
    <ClInclude Include="include\MyGL.h">
      <Filter>Header Files</Filter>
    </ClInclude>
    <ClInclude Include="include\PostEffects.h">
      <Filter>Header Files</Filter>
    </ClInclude>
    <ClInclude Include="include\RasterProgram.h">
      <Filter>Header Files</Filter>
    </ClInclude>
    <ClInclude Include="include\RenderPasses.h">
      <Filter>Header Files</Filter>
    </ClInclude>
    <ClInclude Include="include\RenderTarget.h">
      <Filter>Header Files</Filter>
    </ClInclude>
    <ClInclude Include="include\Shaders.h">
      <Filter>Header Files</Filter>
    </ClInclude>
    <ClInclude Include="include\StaticGeo.h">
      <Filter>Header Files</Filter>
    </ClInclude>
    <ClInclude Include="include\TextureManager.h">
      <Filter>Header Files</Filter>
    </ClInclude>
    <ClInclude Include="include\glmMath.h">
      <Filter>Header Files</Filter>
    </ClInclude>
    <ClInclude Include="include\GpioControls.h">
      <Filter>Header Files</Filter>
    </ClInclude>
    <ClInclude Include="include\ObjModel.h">
      <Filter>Header Files</Filter>
    </ClInclude>
    <ClInclude Include="include\Vectors.h">
      <Filter>Header Files</Filter>
    </ClInclude>
    <ClInclude Include="include\GLBuffers.h">
      <Filter>Header Files</Filter>
    </ClInclude>
  </ItemGroup>
</Project>